# This file is automatically @generated by Wally.
# It is not intended for manual editing.
registry = "test"

[[package]]
name = "chriscerie/iter"
version = "0.1.4"
dependencies = [["TestEZ", "roblox/testez@0.4.1"]]

[[package]]
name = "r-unic/array"
version = "0.3.1"
dependencies = [["Iter", "chriscerie/iter@0.1.4"]]

[[package]]
name = "roblox/testez"
version = "0.4.1"
dependencies = []
